<?xml version="1.0" encoding="UTF-8"?>
<CodeBlocks_project_file>
	<FileVersion major="1" minor="6"/>
	<Project>
		<Option title="huffman"/>
		<Option makefile_is_custom="1"/>
		<Option compiler="gcc"/>
		<Option virtualFolders="CMake Files\;"/>
		<Build>
			<Target title="all">
				<Option working_dir="/home/ilona/CLionProjects/huffman"/>
				<Option type="4"/>
				<MakeCommands>
					<Build command="/usr/bin/make -f &quot;/home/ilona/CLionProjects/huffman/Makefile&quot;  VERBOSE=1 all"/>
					<CompileFile command="/usr/bin/make -f &quot;/home/ilona/CLionProjects/huffman/Makefile&quot;  VERBOSE=1 &quot;$file&quot;"/>
					<Clean command="/usr/bin/make -f &quot;/home/ilona/CLionProjects/huffman/Makefile&quot;  VERBOSE=1 clean"/>
					<DistClean command="/usr/bin/make -f &quot;/home/ilona/CLionProjects/huffman/Makefile&quot;  VERBOSE=1 clean"/>
				</MakeCommands>
			</Target>
			<Target title="rebuild_cache">
				<Option working_dir="/home/ilona/CLionProjects/huffman"/>
				<Option type="4"/>
				<MakeCommands>
					<Build command="/usr/bin/make -f &quot;/home/ilona/CLionProjects/huffman/Makefile&quot;  VERBOSE=1 rebuild_cache"/>
					<CompileFile command="/usr/bin/make -f &quot;/home/ilona/CLionProjects/huffman/Makefile&quot;  VERBOSE=1 &quot;$file&quot;"/>
					<Clean command="/usr/bin/make -f &quot;/home/ilona/CLionProjects/huffman/Makefile&quot;  VERBOSE=1 clean"/>
					<DistClean command="/usr/bin/make -f &quot;/home/ilona/CLionProjects/huffman/Makefile&quot;  VERBOSE=1 clean"/>
				</MakeCommands>
			</Target>
			<Target title="edit_cache">
				<Option working_dir="/home/ilona/CLionProjects/huffman"/>
				<Option type="4"/>
				<MakeCommands>
					<Build command="/usr/bin/make -f &quot;/home/ilona/CLionProjects/huffman/Makefile&quot;  VERBOSE=1 edit_cache"/>
					<CompileFile command="/usr/bin/make -f &quot;/home/ilona/CLionProjects/huffman/Makefile&quot;  VERBOSE=1 &quot;$file&quot;"/>
					<Clean command="/usr/bin/make -f &quot;/home/ilona/CLionProjects/huffman/Makefile&quot;  VERBOSE=1 clean"/>
					<DistClean command="/usr/bin/make -f &quot;/home/ilona/CLionProjects/huffman/Makefile&quot;  VERBOSE=1 clean"/>
				</MakeCommands>
			</Target>
			<Target title="huflib">
				<Option output="/home/ilona/CLionProjects/huffman/huflib" prefix_auto="0" extension_auto="0"/>
				<Option working_dir="/home/ilona/CLionProjects/huffman"/>
				<Option object_output="./"/>
				<Option type="1"/>
				<Option compiler="gcc"/>
				<Compiler/>
				<MakeCommands>
					<Build command="/usr/bin/make -f &quot;/home/ilona/CLionProjects/huffman/Makefile&quot;  VERBOSE=1 huflib"/>
					<CompileFile command="/usr/bin/make -f &quot;/home/ilona/CLionProjects/huffman/Makefile&quot;  VERBOSE=1 &quot;$file&quot;"/>
					<Clean command="/usr/bin/make -f &quot;/home/ilona/CLionProjects/huffman/Makefile&quot;  VERBOSE=1 clean"/>
					<DistClean command="/usr/bin/make -f &quot;/home/ilona/CLionProjects/huffman/Makefile&quot;  VERBOSE=1 clean"/>
				</MakeCommands>
			</Target>
			<Target title="huflib/fast">
				<Option output="/home/ilona/CLionProjects/huffman/huflib" prefix_auto="0" extension_auto="0"/>
				<Option working_dir="/home/ilona/CLionProjects/huffman"/>
				<Option object_output="./"/>
				<Option type="1"/>
				<Option compiler="gcc"/>
				<Compiler/>
				<MakeCommands>
					<Build command="/usr/bin/make -f &quot;/home/ilona/CLionProjects/huffman/Makefile&quot;  VERBOSE=1 huflib/fast"/>
					<CompileFile command="/usr/bin/make -f &quot;/home/ilona/CLionProjects/huffman/Makefile&quot;  VERBOSE=1 &quot;$file&quot;"/>
					<Clean command="/usr/bin/make -f &quot;/home/ilona/CLionProjects/huffman/Makefile&quot;  VERBOSE=1 clean"/>
					<DistClean command="/usr/bin/make -f &quot;/home/ilona/CLionProjects/huffman/Makefile&quot;  VERBOSE=1 clean"/>
				</MakeCommands>
			</Target>
			<Target title="huffman_tester">
				<Option output="/home/ilona/CLionProjects/huffman/huffman_tester" prefix_auto="0" extension_auto="0"/>
				<Option working_dir="/home/ilona/CLionProjects/huffman"/>
				<Option object_output="./"/>
				<Option type="1"/>
				<Option compiler="gcc"/>
				<Compiler/>
				<MakeCommands>
					<Build command="/usr/bin/make -f &quot;/home/ilona/CLionProjects/huffman/Makefile&quot;  VERBOSE=1 huffman_tester"/>
					<CompileFile command="/usr/bin/make -f &quot;/home/ilona/CLionProjects/huffman/Makefile&quot;  VERBOSE=1 &quot;$file&quot;"/>
					<Clean command="/usr/bin/make -f &quot;/home/ilona/CLionProjects/huffman/Makefile&quot;  VERBOSE=1 clean"/>
					<DistClean command="/usr/bin/make -f &quot;/home/ilona/CLionProjects/huffman/Makefile&quot;  VERBOSE=1 clean"/>
				</MakeCommands>
			</Target>
			<Target title="huffman_tester/fast">
				<Option output="/home/ilona/CLionProjects/huffman/huffman_tester" prefix_auto="0" extension_auto="0"/>
				<Option working_dir="/home/ilona/CLionProjects/huffman"/>
				<Option object_output="./"/>
				<Option type="1"/>
				<Option compiler="gcc"/>
				<Compiler/>
				<MakeCommands>
					<Build command="/usr/bin/make -f &quot;/home/ilona/CLionProjects/huffman/Makefile&quot;  VERBOSE=1 huffman_tester/fast"/>
					<CompileFile command="/usr/bin/make -f &quot;/home/ilona/CLionProjects/huffman/Makefile&quot;  VERBOSE=1 &quot;$file&quot;"/>
					<Clean command="/usr/bin/make -f &quot;/home/ilona/CLionProjects/huffman/Makefile&quot;  VERBOSE=1 clean"/>
					<DistClean command="/usr/bin/make -f &quot;/home/ilona/CLionProjects/huffman/Makefile&quot;  VERBOSE=1 clean"/>
				</MakeCommands>
			</Target>
			<Target title="huflibrary">
				<Option output="/home/ilona/CLionProjects/huffman/libhuflibrary.a" prefix_auto="0" extension_auto="0"/>
				<Option working_dir="/home/ilona/CLionProjects/huffman"/>
				<Option object_output="./"/>
				<Option type="2"/>
				<Option compiler="gcc"/>
				<Compiler/>
				<MakeCommands>
					<Build command="/usr/bin/make -f &quot;/home/ilona/CLionProjects/huffman/Makefile&quot;  VERBOSE=1 huflibrary"/>
					<CompileFile command="/usr/bin/make -f &quot;/home/ilona/CLionProjects/huffman/Makefile&quot;  VERBOSE=1 &quot;$file&quot;"/>
					<Clean command="/usr/bin/make -f &quot;/home/ilona/CLionProjects/huffman/Makefile&quot;  VERBOSE=1 clean"/>
					<DistClean command="/usr/bin/make -f &quot;/home/ilona/CLionProjects/huffman/Makefile&quot;  VERBOSE=1 clean"/>
				</MakeCommands>
			</Target>
			<Target title="huflibrary/fast">
				<Option output="/home/ilona/CLionProjects/huffman/libhuflibrary.a" prefix_auto="0" extension_auto="0"/>
				<Option working_dir="/home/ilona/CLionProjects/huffman"/>
				<Option object_output="./"/>
				<Option type="2"/>
				<Option compiler="gcc"/>
				<Compiler/>
				<MakeCommands>
					<Build command="/usr/bin/make -f &quot;/home/ilona/CLionProjects/huffman/Makefile&quot;  VERBOSE=1 huflibrary/fast"/>
					<CompileFile command="/usr/bin/make -f &quot;/home/ilona/CLionProjects/huffman/Makefile&quot;  VERBOSE=1 &quot;$file&quot;"/>
					<Clean command="/usr/bin/make -f &quot;/home/ilona/CLionProjects/huffman/Makefile&quot;  VERBOSE=1 clean"/>
					<DistClean command="/usr/bin/make -f &quot;/home/ilona/CLionProjects/huffman/Makefile&quot;  VERBOSE=1 clean"/>
				</MakeCommands>
			</Target>
		</Build>
		<Unit filename="/home/ilona/CLionProjects/huffman/console_util/block_rw.cpp">
			<Option target="huflib"/>
			<Option target="huffman_tester"/>
		</Unit>
		<Unit filename="/home/ilona/CLionProjects/huffman/console_util/block_rw.h">
			<Option target="huflib"/>
			<Option target="huffman_tester"/>
		</Unit>
		<Unit filename="/home/ilona/CLionProjects/huffman/console_util/utility.cpp">
			<Option target="huflib"/>
			<Option target="huffman_tester"/>
		</Unit>
		<Unit filename="/home/ilona/CLionProjects/huffman/console_util/utility.h">
			<Option target="huflib"/>
			<Option target="huffman_tester"/>
		</Unit>
		<Unit filename="/home/ilona/CLionProjects/huffman/huffman_tester.cpp">
			<Option target="huflib"/>
			<Option target="huffman_tester"/>
		</Unit>
		<Unit filename="/home/ilona/CLionProjects/huffman/lib/compressor.cpp">
			<Option target="huffman_tester"/>
			<Option target="huflibrary"/>
		</Unit>
		<Unit filename="/home/ilona/CLionProjects/huffman/lib/compressor.h">
			<Option target="huffman_tester"/>
			<Option target="huflibrary"/>
		</Unit>
		<Unit filename="/home/ilona/CLionProjects/huffman/lib/decompressor.cpp">
			<Option target="huffman_tester"/>
			<Option target="huflibrary"/>
		</Unit>
		<Unit filename="/home/ilona/CLionProjects/huffman/lib/decompressor.h">
			<Option target="huffman_tester"/>
			<Option target="huflibrary"/>
		</Unit>
		<Unit filename="/home/ilona/CLionProjects/huffman/CMakeLists.txt">
			<Option virtualFolder="CMake Files\"/>
		</Unit>
	</Project>
</CodeBlocks_project_file>
